// !$*UTF8*$!
{
	archiveVersion = 1;
	classes = {
	};
	objectVersion = 48;
	objects = {

/* Begin PBXBuildFile section */
		A7EE9F272058262000E56513 /* AppDelegate.swift in Sources */ = {isa = PBXBuildFile; fileRef = A7EE9F262058262000E56513 /* AppDelegate.swift */; };
		A7EE9F292058262000E56513 /* ViewController.swift in Sources */ = {isa = PBXBuildFile; fileRef = A7EE9F282058262000E56513 /* ViewController.swift */; };
		A7EE9F2C2058262000E56513 /* Main.storyboard in Resources */ = {isa = PBXBuildFile; fileRef = A7EE9F2A2058262000E56513 /* Main.storyboard */; };
		A7EE9F2E2058262000E56513 /* Assets.xcassets in Resources */ = {isa = PBXBuildFile; fileRef = A7EE9F2D2058262000E56513 /* Assets.xcassets */; };
		A7EE9F312058262000E56513 /* LaunchScreen.storyboard in Resources */ = {isa = PBXBuildFile; fileRef = A7EE9F2F2058262000E56513 /* LaunchScreen.storyboard */; };
		AE5082E720585C6D00884B7C /* Kef_Framework.framework in Frameworks */ = {isa = PBXBuildFile; fileRef = AE5082E620585C6D00884B7C /* Kef_Framework.framework */; };
/* End PBXBuildFile section */

/* Begin PBXFileReference section */
		A7EE9F232058262000E56513 /* Kef_CarthageUser.app */ = {isa = PBXFileReference; explicitFileType = wrapper.application; includeInIndex = 0; path = Kef_CarthageUser.app; sourceTree = BUILT_PRODUCTS_DIR; };
		A7EE9F262058262000E56513 /* AppDelegate.swift */ = {isa = PBXFileReference; lastKnownFileType = sourcecode.swift; path = AppDelegate.swift; sourceTree = "<group>"; };
		A7EE9F282058262000E56513 /* ViewController.swift */ = {isa = PBXFileReference; lastKnownFileType = sourcecode.swift; path = ViewController.swift; sourceTree = "<group>"; };
		A7EE9F2B2058262000E56513 /* Base */ = {isa = PBXFileReference; lastKnownFileType = file.storyboard; name = Base; path = Base.lproj/Main.storyboard; sourceTree = "<group>"; };
		A7EE9F2D2058262000E56513 /* Assets.xcassets */ = {isa = PBXFileReference; lastKnownFileType = folder.assetcatalog; path = Assets.xcassets; sourceTree = "<group>"; };
		A7EE9F302058262000E56513 /* Base */ = {isa = PBXFileReference; lastKnownFileType = file.storyboard; name = Base; path = Base.lproj/LaunchScreen.storyboard; sourceTree = "<group>"; };
		A7EE9F322058262000E56513 /* Info.plist */ = {isa = PBXFileReference; lastKnownFileType = text.plist.xml; path = Info.plist; sourceTree = "<group>"; };
		AE5082E620585C6D00884B7C /* Kef_Framework.framework */ = {isa = PBXFileReference; lastKnownFileType = wrapper.framework; name = Kef_Framework.framework; path = Carthage/Build/iOS/Kef_Framework.framework; sourceTree = "<group>"; };
/* End PBXFileReference section */

/* Begin PBXFrameworksBuildPhase section */
		A7EE9F202058262000E56513 /* Frameworks */ = {
			isa = PBXFrameworksBuildPhase;
			buildActionMask = 2147483647;
			files = (
				AE5082E720585C6D00884B7C /* Kef_Framework.framework in Frameworks */,
			);
			runOnlyForDeploymentPostprocessing = 0;
		};
/* End PBXFrameworksBuildPhase section */

/* Begin PBXGroup section */
		A7EE9F1A2058262000E56513 = {
			isa = PBXGroup;
			children = (
				A7EE9F252058262000E56513 /* Kef_CarthageUser */,
				A7EE9F242058262000E56513 /* Products */,
				AE5082E520585C6C00884B7C /* Frameworks */,
			);
			sourceTree = "<group>";
		};
		A7EE9F242058262000E56513 /* Products */ = {
			isa = PBXGroup;
			children = (
				A7EE9F232058262000E56513 /* Kef_CarthageUser.app */,
			);
			name = Products;
			sourceTree = "<group>";
		};
		A7EE9F252058262000E56513 /* Kef_CarthageUser */ = {
			isa = PBXGroup;
			children = (
				A7EE9F262058262000E56513 /* AppDelegate.swift */,
				A7EE9F282058262000E56513 /* ViewController.swift */,
				A7EE9F2A2058262000E56513 /* Main.storyboard */,
				A7EE9F2D2058262000E56513 /* Assets.xcassets */,
				A7EE9F2F2058262000E56513 /* LaunchScreen.storyboard */,
				A7EE9F322058262000E56513 /* Info.plist */,
			);
			path = Kef_CarthageUser;
			sourceTree = "<group>";
		};
		AE5082E520585C6C00884B7C /* Frameworks */ = {
			isa = PBXGroup;
			children = (
				AE5082E620585C6D00884B7C /* Kef_Framework.framework */,
			);
			name = Frameworks;
			sourceTree = "<group>";
		};
/* End PBXGroup section */

/* Begin PBXNativeTarget section */
		A7EE9F222058262000E56513 /* Kef_CarthageUser */ = {
			isa = PBXNativeTarget;
			buildConfigurationList = A7EE9F352058262000E56513 /* Build configuration list for PBXNativeTarget "Kef_CarthageUser" */;
			buildPhases = (
				A7EE9F1F2058262000E56513 /* Sources */,
				A7EE9F202058262000E56513 /* Frameworks */,
				A7EE9F212058262000E56513 /* Resources */,
				AE5082E820585D0A00884B7C /* ShellScript */,
			);
			buildRules = (
			);
			dependencies = (
			);
			name = Kef_CarthageUser;
			productName = Kef_CarthageUser;
			productReference = A7EE9F232058262000E56513 /* Kef_CarthageUser.app */;
			productType = "com.apple.product-type.application";
		};
/* End PBXNativeTarget section */

/* Begin PBXProject section */
		A7EE9F1B2058262000E56513 /* Project object */ = {
			isa = PBXProject;
			attributes = {
				LastSwiftUpdateCheck = 0920;
				LastUpgradeCheck = 0920;
				ORGANIZATIONNAME = KefBytes;
				TargetAttributes = {
					A7EE9F222058262000E56513 = {
						CreatedOnToolsVersion = 9.2;
						ProvisioningStyle = Automatic;
					};
				};
			};
			buildConfigurationList = A7EE9F1E2058262000E56513 /* Build configuration list for PBXProject "Kef_CarthageUser" */;
			compatibilityVersion = "Xcode 8.0";
			developmentRegion = en;
			hasScannedForEncodings = 0;
			knownRegions = (
				en,
				Base,
			);
			mainGroup = A7EE9F1A2058262000E56513;
			productRefGroup = A7EE9F242058262000E56513 /* Products */;
			projectDirPath = "";
			projectRoot = "";
			targets = (
				A7EE9F222058262000E56513 /* Kef_CarthageUser */,
			);
		};
/* End PBXProject section */

/* Begin PBXResourcesBuildPhase section */
		A7EE9F212058262000E56513 /* Resources */ = {
			isa = PBXResourcesBuildPhase;
			buildActionMask = 2147483647;
			files = (
				A7EE9F312058262000E56513 /* LaunchScreen.storyboard in Resources */,
				A7EE9F2E2058262000E56513 /* Assets.xcassets in Resources */,
				A7EE9F2C2058262000E56513 /* Main.storyboard in Resources */,
			);
			runOnlyForDeploymentPostprocessing = 0;
		};
/* End PBXResourcesBuildPhase section */

/* Begin PBXShellScriptBuildPhase section */
		AE5082E820585D0A00884B7C /* ShellScript */ = {
			isa = PBXShellScriptBuildPhase;
			buildActionMask = 2147483647;
			files = (
			);
			inputPaths = (
				"$(SRCROOT)/Carthage/Build/iOS/Kef_Framework.framework",
			);
			outputPaths = (
			);
			runOnlyForDeploymentPostprocessing = 0;
			shellPath = /bin/sh;
			shellScript = "/usr/local/bin/carthage copy-frameworks";
		};
/* End PBXShellScriptBuildPhase section */

/* Begin PBXSourcesBuildPhase section */
		A7EE9F1F2058262000E56513 /* Sources */ = {
			isa = PBXSourcesBuildPhase;
			buildActionMask = 2147483647;
			files = (
				A7EE9F292058262000E56513 /* ViewController.swift in Sources */,
				A7EE9F272058262000E56513 /* AppDelegate.swift in Sources */,
			);
			runOnlyForDeploymentPostprocessing = 0;
		};
/* End PBXSourcesBuildPhase section */

/* Begin PBXVariantGroup section */
		A7EE9F2A2058262000E56513 /* Main.storyboard */ = {
			isa = PBXVariantGroup;
			children = (
				A7EE9F2B2058262000E56513 /* Base */,
			);
			name = Main.storyboard;
			sourceTree = "<group>";
		};
		A7EE9F2F2058262000E56513 /* LaunchScreen.storyboard */ = {
			isa = PBXVariantGroup;
			children = (
				A7EE9F302058262000E56513 /* Base */,
			);
			name = LaunchScreen.storyboard;
			sourceTree = "<group>";
		};
/* End PBXVariantGroup section */

/* Begin XCBuildConfiguration section */
		A7EE9F332058262000E56513 /* Debug */ = {
			isa = XCBuildConfiguration;
			buildSettings = {
				ALWAYS_SEARCH_USER_PATHS = NO;
				CLANG_ANALYZER_NONNULL = YES;
				CLANG_ANALYZER_NUMBER_OBJECT_CONVERSION = YES_AGGRESSIVE;
				CLANG_CXX_LANGUAGE_STANDARD = "gnu++14";
				CLANG_CXX_LIBRARY = "libc++";
				CLANG_ENABLE_MODULES = YES;
				CLANG_ENABLE_OBJC_ARC = YES;
				CLANG_WARN_BLOCK_CAPTURE_AUTORELEASING = YES;
				CLANG_WARN_BOOL_CONVERSION = YES;
				CLANG_WARN_COMMA = YES;
				CLANG_WARN_CONSTANT_CONVERSION = YES;
				CLANG_WARN_DIRECT_OBJC_ISA_USAGE = YES_ERROR;
				CLANG_WARN_DOCUMENTATION_COMMENTS = YES;
				CLANG_WARN_EMPTY_BODY = YES;
				CLANG_WARN_ENUM_CONVERSION = YES;
				CLANG_WARN_INFINITE_RECURSION = YES;
				CLANG_WARN_INT_CONVERSION = YES;
				CLANG_WARN_NON_LITERAL_NULL_CONVERSION = YES;
				CLANG_WARN_OBJC_LITERAL_CONVERSION = YES;
				CLANG_WARN_OBJC_ROOT_CLASS = YES_ERROR;
				CLANG_WARN_RANGE_LOOP_ANALYSIS = YES;
				CLANG_WARN_STRICT_PROTOTYPES = YES;
				CLANG_WARN_SUSPICIOUS_MOVE = YES;
				CLANG_WARN_UNGUARDED_AVAILABILITY = YES_AGGRESSIVE;
				CLANG_WARN_UNREACHABLE_CODE = YES;
				CLANG_WARN__DUPLICATE_METHOD_MATCH = YES;
				CODE_SIGN_IDENTITY = "iPhone Developer";
				COPY_PHASE_STRIP = NO;
				DEBUG_INFORMATION_FORMAT = dwarf;
				ENABLE_STRICT_OBJC_MSGSEND = YES;
				ENABLE_TESTABILITY = YES;
				GCC_C_LANGUAGE_STANDARD = gnu11;
				GCC_DYNAMIC_NO_PIC = NO;
				GCC_NO_COMMON_BLOCKS = YES;
				GCC_OPTIMIZATION_LEVEL = 0;
				GCC_PREPROCESSOR_DEFINITIONS = (
					"DEBUG=1",
					"$(inherited)",
				);
				GCC_WARN_64_TO_32_BIT_CONVERSION = YES;
				GCC_WARN_ABOUT_RETURN_TYPE = YES_ERROR;
				GCC_WARN_UNDECLARED_SELECTOR = YES;
				GCC_WARN_UNINITIALIZED_AUTOS = YES_AGGRESSIVE;
				GCC_WARN_UNUSED_FUNCTION = YES;
				GCC_WARN_UNUSED_VARIABLE = YES;
				IPHONEOS_DEPLOYMENT_TARGET = 11.2;
				MTL_ENABLE_DEBUG_INFO = YES;
				ONLY_ACTIVE_ARCH = YES;
				SDKROOT = iphoneos;
				SWIFT_ACTIVE_COMPILATION_CONDITIONS = DEBUG;
				SWIFT_OPTIMIZATION_LEVEL = "-Onone";
			};
			name = Debug;
		};
		A7EE9F342058262000E56513 /* Release */ = {
			isa = XCBuildConfiguration;
			buildSettings = {
				ALWAYS_SEARCH_USER_PATHS = NO;
				CLANG_ANALYZER_NONNULL = YES;
				CLANG_ANALYZER_NUMBER_OBJECT_CONVERSION = YES_AGGRESSIVE;
				CLANG_CXX_LANGUAGE_STANDARD = "gnu++14";
				CLANG_CXX_LIBRARY = "libc++";
				CLANG_ENABLE_MODULES = YES;
				CLANG_ENABLE_OBJC_ARC = YES;
				CLANG_WARN_BLOCK_CAPTURE_AUTORELEASING = YES;
				CLANG_WARN_BOOL_CONVERSION = YES;
				CLANG_WARN_COMMA = YES;
				CLANG_WARN_CONSTANT_CONVERSION = YES;
				CLANG_WARN_DIRECT_OBJC_ISA_USAGE = YES_ERROR;
				CLANG_WARN_DOCUMENTATION_COMMENTS = YES;
				CLANG_WARN_EMPTY_BODY = YES;
				CLANG_WARN_ENUM_CONVERSION = YES;
				CLANG_WARN_INFINITE_RECURSION = YES;
				CLANG_WARN_INT_CONVERSION = YES;
				CLANG_WARN_NON_LITERAL_NULL_CONVERSION = YES;
				CLANG_WARN_OBJC_LITERAL_CONVERSION = YES;
				CLANG_WARN_OBJC_ROOT_CLASS = YES_ERROR;
				CLANG_WARN_RANGE_LOOP_ANALYSIS = YES;
				CLANG_WARN_STRICT_PROTOTYPES = YES;
				CLANG_WARN_SUSPICIOUS_MOVE = YES;
				CLANG_WARN_UNGUARDED_AVAILABILITY = YES_AGGRESSIVE;
				CLANG_WARN_UNREACHABLE_CODE = YES;
				CLANG_WARN__DUPLICATE_METHOD_MATCH = YES;
				CODE_SIGN_IDENTITY = "iPhone Developer";
				COPY_PHASE_STRIP = NO;
				DEBUG_INFORMATION_FORMAT = "dwarf-with-dsym";
				ENABLE_NS_ASSERTIONS = NO;
				ENABLE_STRICT_OBJC_MSGSEND = YES;
				GCC_C_LANGUAGE_STANDARD = gnu11;
				GCC_NO_COMMON_BLOCKS = YES;
				GCC_WARN_64_TO_32_BIT_CONVERSION = YES;
				GCC_WARN_ABOUT_RETURN_TYPE = YES_ERROR;
				GCC_WARN_UNDECLARED_SELECTOR = YES;
				GCC_WARN_UNINITIALIZED_AUTOS = YES_AGGRESSIVE;
				GCC_WARN_UNUSED_FUNCTION = YES;
				GCC_WARN_UNUSED_VARIABLE = YES;
				IPHONEOS_DEPLOYMENT_TARGET = 11.2;
				MTL_ENABLE_DEBUG_INFO = NO;
				SDKROOT = iphoneos;
				SWIFT_OPTIMIZATION_LEVEL = "-Owholemodule";
				VALIDATE_PRODUCT = YES;
			};
			name = Release;
		};
		A7EE9F362058262000E56513 /* Debug */ = {
			isa = XCBuildConfiguration;
			buildSettings = {
				ASSETCATALOG_COMPILER_APPICON_NAME = AppIcon;
				CODE_SIGN_STYLE = Automatic;
				DEVELOPMENT_TEAM = 46K95RX8SY;
				FRAMEWORK_SEARCH_PATHS = (
					"$(inherited)",
					"$(PROJECT_DIR)/Carthage/Build/iOS",
				);
				INFOPLIST_FILE = Kef_CarthageUser/Info.plist;
				LD_RUNPATH_SEARCH_PATHS = "$(inherited) @executable_path/Frameworks";
				PRODUCT_BUNDLE_IDENTIFIER = "com.kefbytes.Kef-CarthageUser";
				PRODUCT_NAME = "$(TARGET_NAME)";
				SWIFT_VERSION = 4.0;
				TARGETED_DEVICE_FAMILY = "1,2";
			};
			name = Debug;
		};
		A7EE9F372058262000E56513 /* Release */ = {
			isa = XCBuildConfiguration;
			buildSettings = {
				ASSETCATALOG_COMPILER_APPICON_NAME = AppIcon;
				CODE_SIGN_STYLE = Automatic;
				DEVELOPMENT_TEAM = 46K95RX8SY;
				FRAMEWORK_SEARCH_PATHS = (
					"$(inherited)",
					"$(PROJECT_DIR)/Carthage/Build/iOS",
				);
				INFOPLIST_FILE = Kef_CarthageUser/Info.plist;
				LD_RUNPATH_SEARCH_PATHS = "$(inherited) @executable_path/Frameworks";
				PRODUCT_BUNDLE_IDENTIFIER = "com.kefbytes.Kef-CarthageUser";
				PRODUCT_NAME = "$(TARGET_NAME)";
				SWIFT_VERSION = 4.0;
				TARGETED_DEVICE_FAMILY = "1,2";
			};
			name = Release;
		};
/* End XCBuildConfiguration section */

/* Begin XCConfigurationList section */
		A7EE9F1E2058262000E56513 /* Build configuration list for PBXProject "Kef_CarthageUser" */ = {
			isa = XCConfigurationList;
			buildConfigurations = (
				A7EE9F332058262000E56513 /* Debug */,
				A7EE9F342058262000E56513 /* Release */,
			);
			defaultConfigurationIsVisible = 0;
			defaultConfigurationName = Release;
		};
		A7EE9F352058262000E56513 /* Build configuration list for PBXNativeTarget "Kef_CarthageUser" */ = {
			isa = XCConfigurationList;
			buildConfigurations = (
				A7EE9F362058262000E56513 /* Debug */,
				A7EE9F372058262000E56513 /* Release */,
			);
			defaultConfigurationIsVisible = 0;
			defaultConfigurationName = Release;
		};
/* End XCConfigurationList section */
	};
	rootObject = A7EE9F1B2058262000E56513 /* Project object */;
}
